
Microsoft Visual Studio Solution File, Format Version 12.00
# Visual Studio Version 16
VisualStudioVersion = 16.0.32413.511
MinimumVisualStudioVersion = 10.0.40219.1
Project("{FAE04EC0-301F-11D3-BF4B-00C04F79EFBC}") = "MiniShopApp.WebUI", "MiniShopApp.WebUI\MiniShopApp.WebUI.csproj", "{DF98B63B-B6DC-447C-BEEB-000D423DA337}"
EndProject
Project("{FAE04EC0-301F-11D3-BF4B-00C04F79EFBC}") = "MiniShopApp.Entity", "MiniShopApp.Entity\MiniShopApp.Entity.csproj", "{57F406F5-7424-44B1-B8E4-DDED11A704D3}"
EndProject
Project("{FAE04EC0-301F-11D3-BF4B-00C04F79EFBC}") = "MiniShopApp.Data", "MiniShopApp.Data\MiniShopApp.Data.csproj", "{6487B63D-1C0A-4638-A611-444E287CBB73}"
EndProject
Project("{FAE04EC0-301F-11D3-BF4B-00C04F79EFBC}") = "MiniShopApp.Business", "MiniShopApp.Business\MiniShopApp.Business.csproj", "{FA7A406E-4229-466E-82AA-3594B9DDDD03}"
EndProject
Global
	GlobalSection(SolutionConfigurationPlatforms) = preSolution
		Debug|Any CPU = Debug|Any CPU
		Release|Any CPU = Release|Any CPU
	EndGlobalSection
	GlobalSection(ProjectConfigurationPlatforms) = postSolution
		{DF98B63B-B6DC-447C-BEEB-000D423DA337}.Debug|Any CPU.ActiveCfg = Debug|Any CPU
		{DF98B63B-B6DC-447C-BEEB-000D423DA337}.Debug|Any CPU.Build.0 = Debug|Any CPU
		{DF98B63B-B6DC-447C-BEEB-000D423DA337}.Release|Any CPU.ActiveCfg = Release|Any CPU
		{DF98B63B-B6DC-447C-BEEB-000D423DA337}.Release|Any CPU.Build.0 = Release|Any CPU
		{57F406F5-7424-44B1-B8E4-DDED11A704D3}.Debug|Any CPU.ActiveCfg = Debug|Any CPU
		{57F406F5-7424-44B1-B8E4-DDED11A704D3}.Debug|Any CPU.Build.0 = Debug|Any CPU
		{57F406F5-7424-44B1-B8E4-DDED11A704D3}.Release|Any CPU.ActiveCfg = Release|Any CPU
		{57F406F5-7424-44B1-B8E4-DDED11A704D3}.Release|Any CPU.Build.0 = Release|Any CPU
		{6487B63D-1C0A-4638-A611-444E287CBB73}.Debug|Any CPU.ActiveCfg = Debug|Any CPU
		{6487B63D-1C0A-4638-A611-444E287CBB73}.Debug|Any CPU.Build.0 = Debug|Any CPU
		{6487B63D-1C0A-4638-A611-444E287CBB73}.Release|Any CPU.ActiveCfg = Release|Any CPU
		{6487B63D-1C0A-4638-A611-444E287CBB73}.Release|Any CPU.Build.0 = Release|Any CPU
		{FA7A406E-4229-466E-82AA-3594B9DDDD03}.Debug|Any CPU.ActiveCfg = Debug|Any CPU
		{FA7A406E-4229-466E-82AA-3594B9DDDD03}.Debug|Any CPU.Build.0 = Debug|Any CPU
		{FA7A406E-4229-466E-82AA-3594B9DDDD03}.Release|Any CPU.ActiveCfg = Release|Any CPU
		{FA7A406E-4229-466E-82AA-3594B9DDDD03}.Release|Any CPU.Build.0 = Release|Any CPU
	EndGlobalSection
	GlobalSection(SolutionProperties) = preSolution
		HideSolutionNode = FALSE
	EndGlobalSection
	GlobalSection(ExtensibilityGlobals) = postSolution
		SolutionGuid = {5A099634-F0B8-4F35-A172-47BEBD7E60F4}
	EndGlobalSection
EndGlobal
