
Microsoft Visual Studio Solution File, Format Version 12.00
# Visual Studio Version 16
VisualStudioVersion = 16.0.32228.343
MinimumVisualStudioVersion = 10.0.40219.1
Project("{FAE04EC0-301F-11D3-BF4B-00C04F79EFBC}") = "Sales", "Sales\Sales.csproj", "{6E8B06D9-9636-482A-A871-52937EB5D15C}"
EndProject
Global
	GlobalSection(SolutionConfigurationPlatforms) = preSolution
		Debug|Any CPU = Debug|Any CPU
		Release|Any CPU = Release|Any CPU
	EndGlobalSection
	GlobalSection(ProjectConfigurationPlatforms) = postSolution
		{6E8B06D9-9636-482A-A871-52937EB5D15C}.Debug|Any CPU.ActiveCfg = Debug|Any CPU
		{6E8B06D9-9636-482A-A871-52937EB5D15C}.Debug|Any CPU.Build.0 = Debug|Any CPU
		{6E8B06D9-9636-482A-A871-52937EB5D15C}.Release|Any CPU.ActiveCfg = Release|Any CPU
		{6E8B06D9-9636-482A-A871-52937EB5D15C}.Release|Any CPU.Build.0 = Release|Any CPU
	EndGlobalSection
	GlobalSection(SolutionProperties) = preSolution
		HideSolutionNode = FALSE
	EndGlobalSection
	GlobalSection(ExtensibilityGlobals) = postSolution
		SolutionGuid = {8A55822C-03B3-442B-81A2-DAE4AA9542D3}
	EndGlobalSection
EndGlobal
