
Microsoft Visual Studio Solution File, Format Version 12.00
# Visual Studio Version 16
VisualStudioVersion = 16.0.32228.343
MinimumVisualStudioVersion = 10.0.40219.1
Project("{FAE04EC0-301F-11D3-BF4B-00C04F79EFBC}") = "07_DersBlogSite", "07_DersBlogSite\07_DersBlogSite.csproj", "{C36123A2-9489-45D7-A44D-A9B266E202FD}"
EndProject
Global
	GlobalSection(SolutionConfigurationPlatforms) = preSolution
		Debug|Any CPU = Debug|Any CPU
		Release|Any CPU = Release|Any CPU
	EndGlobalSection
	GlobalSection(ProjectConfigurationPlatforms) = postSolution
		{C36123A2-9489-45D7-A44D-A9B266E202FD}.Debug|Any CPU.ActiveCfg = Debug|Any CPU
		{C36123A2-9489-45D7-A44D-A9B266E202FD}.Debug|Any CPU.Build.0 = Debug|Any CPU
		{C36123A2-9489-45D7-A44D-A9B266E202FD}.Release|Any CPU.ActiveCfg = Release|Any CPU
		{C36123A2-9489-45D7-A44D-A9B266E202FD}.Release|Any CPU.Build.0 = Release|Any CPU
	EndGlobalSection
	GlobalSection(SolutionProperties) = preSolution
		HideSolutionNode = FALSE
	EndGlobalSection
	GlobalSection(ExtensibilityGlobals) = postSolution
		SolutionGuid = {0DF59926-8F77-4BF9-8705-BAA3DD10B47D}
	EndGlobalSection
EndGlobal
